
Microsoft Visual Studio Solution File, Format Version 12.00
Project("{FAE04EC0-301F-11D3-BF4B-00C04F79EFBC}") = "DB.User", "DB.User\DB.User.csproj", "{13C004AE-9CA5-4E4B-9E42-351C09880BC9}"
EndProject
Project("{FAE04EC0-301F-11D3-BF4B-00C04F79EFBC}") = "Share.Client", "Share.Client\Share.Client.csproj", "{E846E50E-67D9-4281-929A-5151FEF82CA3}"
EndProject
Project("{FAE04EC0-301F-11D3-BF4B-00C04F79EFBC}") = "Share.Server", "Share.Server\Share.Server.csproj", "{1D1EE730-5027-43E5-BC94-4282A3AFC625}"
EndProject
Project("{FAE04EC0-301F-11D3-BF4B-00C04F79EFBC}") = "API", "API\API.csproj", "{7BD733E0-8078-4C95-A76B-0E40065370A6}"
EndProject
Project("{FAE04EC0-301F-11D3-BF4B-00C04F79EFBC}") = "Contracts", "Contracts\Contracts.csproj", "{6ECC9839-CAD8-49FC-A678-976E8787AEBE}"
EndProject
Project("{FAE04EC0-301F-11D3-BF4B-00C04F79EFBC}") = "Core", "..\..\MonitoringCore\Core\Core\Core.csproj", "{0040AB81-9EF1-449F-B972-88F1B43062B3}"
EndProject
Project("{FAE04EC0-301F-11D3-BF4B-00C04F79EFBC}") = "Share", "Share\Share.csproj", "{A81DE9A6-2361-4065-8B10-29A3B6254838}"
EndProject
Global
	GlobalSection(SolutionConfigurationPlatforms) = preSolution
		Debug|Any CPU = Debug|Any CPU
		Debug|x64 = Debug|x64
		Debug|x86 = Debug|x86
		Release|Any CPU = Release|Any CPU
		Release|x64 = Release|x64
		Release|x86 = Release|x86
	EndGlobalSection
	GlobalSection(ProjectConfigurationPlatforms) = postSolution
		{13C004AE-9CA5-4E4B-9E42-351C09880BC9}.Debug|Any CPU.ActiveCfg = Debug|Any CPU
		{13C004AE-9CA5-4E4B-9E42-351C09880BC9}.Debug|Any CPU.Build.0 = Debug|Any CPU
		{13C004AE-9CA5-4E4B-9E42-351C09880BC9}.Debug|x64.ActiveCfg = Debug|Any CPU
		{13C004AE-9CA5-4E4B-9E42-351C09880BC9}.Debug|x64.Build.0 = Debug|Any CPU
		{13C004AE-9CA5-4E4B-9E42-351C09880BC9}.Debug|x86.ActiveCfg = Debug|Any CPU
		{13C004AE-9CA5-4E4B-9E42-351C09880BC9}.Debug|x86.Build.0 = Debug|Any CPU
		{13C004AE-9CA5-4E4B-9E42-351C09880BC9}.Release|Any CPU.ActiveCfg = Release|Any CPU
		{13C004AE-9CA5-4E4B-9E42-351C09880BC9}.Release|Any CPU.Build.0 = Release|Any CPU
		{13C004AE-9CA5-4E4B-9E42-351C09880BC9}.Release|x64.ActiveCfg = Release|Any CPU
		{13C004AE-9CA5-4E4B-9E42-351C09880BC9}.Release|x64.Build.0 = Release|Any CPU
		{13C004AE-9CA5-4E4B-9E42-351C09880BC9}.Release|x86.ActiveCfg = Release|Any CPU
		{13C004AE-9CA5-4E4B-9E42-351C09880BC9}.Release|x86.Build.0 = Release|Any CPU
		{E846E50E-67D9-4281-929A-5151FEF82CA3}.Debug|Any CPU.ActiveCfg = Debug|Any CPU
		{E846E50E-67D9-4281-929A-5151FEF82CA3}.Debug|Any CPU.Build.0 = Debug|Any CPU
		{E846E50E-67D9-4281-929A-5151FEF82CA3}.Debug|x64.ActiveCfg = Debug|Any CPU
		{E846E50E-67D9-4281-929A-5151FEF82CA3}.Debug|x64.Build.0 = Debug|Any CPU
		{E846E50E-67D9-4281-929A-5151FEF82CA3}.Debug|x86.ActiveCfg = Debug|Any CPU
		{E846E50E-67D9-4281-929A-5151FEF82CA3}.Debug|x86.Build.0 = Debug|Any CPU
		{E846E50E-67D9-4281-929A-5151FEF82CA3}.Release|Any CPU.ActiveCfg = Release|Any CPU
		{E846E50E-67D9-4281-929A-5151FEF82CA3}.Release|Any CPU.Build.0 = Release|Any CPU
		{E846E50E-67D9-4281-929A-5151FEF82CA3}.Release|x64.ActiveCfg = Release|Any CPU
		{E846E50E-67D9-4281-929A-5151FEF82CA3}.Release|x64.Build.0 = Release|Any CPU
		{E846E50E-67D9-4281-929A-5151FEF82CA3}.Release|x86.ActiveCfg = Release|Any CPU
		{E846E50E-67D9-4281-929A-5151FEF82CA3}.Release|x86.Build.0 = Release|Any CPU
		{1D1EE730-5027-43E5-BC94-4282A3AFC625}.Debug|Any CPU.ActiveCfg = Debug|Any CPU
		{1D1EE730-5027-43E5-BC94-4282A3AFC625}.Debug|Any CPU.Build.0 = Debug|Any CPU
		{1D1EE730-5027-43E5-BC94-4282A3AFC625}.Debug|x64.ActiveCfg = Debug|Any CPU
		{1D1EE730-5027-43E5-BC94-4282A3AFC625}.Debug|x64.Build.0 = Debug|Any CPU
		{1D1EE730-5027-43E5-BC94-4282A3AFC625}.Debug|x86.ActiveCfg = Debug|Any CPU
		{1D1EE730-5027-43E5-BC94-4282A3AFC625}.Debug|x86.Build.0 = Debug|Any CPU
		{1D1EE730-5027-43E5-BC94-4282A3AFC625}.Release|Any CPU.ActiveCfg = Release|Any CPU
		{1D1EE730-5027-43E5-BC94-4282A3AFC625}.Release|Any CPU.Build.0 = Release|Any CPU
		{1D1EE730-5027-43E5-BC94-4282A3AFC625}.Release|x64.ActiveCfg = Release|Any CPU
		{1D1EE730-5027-43E5-BC94-4282A3AFC625}.Release|x64.Build.0 = Release|Any CPU
		{1D1EE730-5027-43E5-BC94-4282A3AFC625}.Release|x86.ActiveCfg = Release|Any CPU
		{1D1EE730-5027-43E5-BC94-4282A3AFC625}.Release|x86.Build.0 = Release|Any CPU
		{7BD733E0-8078-4C95-A76B-0E40065370A6}.Debug|Any CPU.ActiveCfg = Debug|Any CPU
		{7BD733E0-8078-4C95-A76B-0E40065370A6}.Debug|Any CPU.Build.0 = Debug|Any CPU
		{7BD733E0-8078-4C95-A76B-0E40065370A6}.Debug|x64.ActiveCfg = Debug|Any CPU
		{7BD733E0-8078-4C95-A76B-0E40065370A6}.Debug|x64.Build.0 = Debug|Any CPU
		{7BD733E0-8078-4C95-A76B-0E40065370A6}.Debug|x86.ActiveCfg = Debug|Any CPU
		{7BD733E0-8078-4C95-A76B-0E40065370A6}.Debug|x86.Build.0 = Debug|Any CPU
		{7BD733E0-8078-4C95-A76B-0E40065370A6}.Release|Any CPU.ActiveCfg = Release|Any CPU
		{7BD733E0-8078-4C95-A76B-0E40065370A6}.Release|Any CPU.Build.0 = Release|Any CPU
		{7BD733E0-8078-4C95-A76B-0E40065370A6}.Release|x64.ActiveCfg = Release|Any CPU
		{7BD733E0-8078-4C95-A76B-0E40065370A6}.Release|x64.Build.0 = Release|Any CPU
		{7BD733E0-8078-4C95-A76B-0E40065370A6}.Release|x86.ActiveCfg = Release|Any CPU
		{7BD733E0-8078-4C95-A76B-0E40065370A6}.Release|x86.Build.0 = Release|Any CPU
		{6ECC9839-CAD8-49FC-A678-976E8787AEBE}.Debug|Any CPU.ActiveCfg = Debug|Any CPU
		{6ECC9839-CAD8-49FC-A678-976E8787AEBE}.Debug|Any CPU.Build.0 = Debug|Any CPU
		{6ECC9839-CAD8-49FC-A678-976E8787AEBE}.Debug|x64.ActiveCfg = Debug|Any CPU
		{6ECC9839-CAD8-49FC-A678-976E8787AEBE}.Debug|x64.Build.0 = Debug|Any CPU
		{6ECC9839-CAD8-49FC-A678-976E8787AEBE}.Debug|x86.ActiveCfg = Debug|Any CPU
		{6ECC9839-CAD8-49FC-A678-976E8787AEBE}.Debug|x86.Build.0 = Debug|Any CPU
		{6ECC9839-CAD8-49FC-A678-976E8787AEBE}.Release|Any CPU.ActiveCfg = Release|Any CPU
		{6ECC9839-CAD8-49FC-A678-976E8787AEBE}.Release|Any CPU.Build.0 = Release|Any CPU
		{6ECC9839-CAD8-49FC-A678-976E8787AEBE}.Release|x64.ActiveCfg = Release|Any CPU
		{6ECC9839-CAD8-49FC-A678-976E8787AEBE}.Release|x64.Build.0 = Release|Any CPU
		{6ECC9839-CAD8-49FC-A678-976E8787AEBE}.Release|x86.ActiveCfg = Release|Any CPU
		{6ECC9839-CAD8-49FC-A678-976E8787AEBE}.Release|x86.Build.0 = Release|Any CPU
		{0040AB81-9EF1-449F-B972-88F1B43062B3}.Debug|Any CPU.ActiveCfg = Debug|Any CPU
		{0040AB81-9EF1-449F-B972-88F1B43062B3}.Debug|Any CPU.Build.0 = Debug|Any CPU
		{0040AB81-9EF1-449F-B972-88F1B43062B3}.Debug|x64.ActiveCfg = Debug|Any CPU
		{0040AB81-9EF1-449F-B972-88F1B43062B3}.Debug|x64.Build.0 = Debug|Any CPU
		{0040AB81-9EF1-449F-B972-88F1B43062B3}.Debug|x86.ActiveCfg = Debug|Any CPU
		{0040AB81-9EF1-449F-B972-88F1B43062B3}.Debug|x86.Build.0 = Debug|Any CPU
		{0040AB81-9EF1-449F-B972-88F1B43062B3}.Release|Any CPU.ActiveCfg = Release|Any CPU
		{0040AB81-9EF1-449F-B972-88F1B43062B3}.Release|Any CPU.Build.0 = Release|Any CPU
		{0040AB81-9EF1-449F-B972-88F1B43062B3}.Release|x64.ActiveCfg = Release|Any CPU
		{0040AB81-9EF1-449F-B972-88F1B43062B3}.Release|x64.Build.0 = Release|Any CPU
		{0040AB81-9EF1-449F-B972-88F1B43062B3}.Release|x86.ActiveCfg = Release|Any CPU
		{0040AB81-9EF1-449F-B972-88F1B43062B3}.Release|x86.Build.0 = Release|Any CPU
		{A81DE9A6-2361-4065-8B10-29A3B6254838}.Debug|Any CPU.ActiveCfg = Debug|Any CPU
		{A81DE9A6-2361-4065-8B10-29A3B6254838}.Debug|Any CPU.Build.0 = Debug|Any CPU
		{A81DE9A6-2361-4065-8B10-29A3B6254838}.Debug|x64.ActiveCfg = Debug|Any CPU
		{A81DE9A6-2361-4065-8B10-29A3B6254838}.Debug|x64.Build.0 = Debug|Any CPU
		{A81DE9A6-2361-4065-8B10-29A3B6254838}.Debug|x86.ActiveCfg = Debug|Any CPU
		{A81DE9A6-2361-4065-8B10-29A3B6254838}.Debug|x86.Build.0 = Debug|Any CPU
		{A81DE9A6-2361-4065-8B10-29A3B6254838}.Release|Any CPU.ActiveCfg = Release|Any CPU
		{A81DE9A6-2361-4065-8B10-29A3B6254838}.Release|Any CPU.Build.0 = Release|Any CPU
		{A81DE9A6-2361-4065-8B10-29A3B6254838}.Release|x64.ActiveCfg = Release|Any CPU
		{A81DE9A6-2361-4065-8B10-29A3B6254838}.Release|x64.Build.0 = Release|Any CPU
		{A81DE9A6-2361-4065-8B10-29A3B6254838}.Release|x86.ActiveCfg = Release|Any CPU
		{A81DE9A6-2361-4065-8B10-29A3B6254838}.Release|x86.Build.0 = Release|Any CPU
	EndGlobalSection
	GlobalSection(SolutionProperties) = preSolution
		HideSolutionNode = FALSE
	EndGlobalSection
EndGlobal
